// !$*UTF8*$!
{
	archiveVersion = 1;
	classes = {
	};
	objectVersion = 46;
	objects = {

/* Begin PBXBuildFile section */
		76EB422C17C50FEC000DBB81 /* UIKit.framework in Frameworks */ = {isa = PBXBuildFile; fileRef = 76EB422B17C50FEC000DBB81 /* UIKit.framework */; };
		76EB422E17C50FEC000DBB81 /* Foundation.framework in Frameworks */ = {isa = PBXBuildFile; fileRef = 76EB422D17C50FEC000DBB81 /* Foundation.framework */; };
		76EB423017C50FEC000DBB81 /* CoreGraphics.framework in Frameworks */ = {isa = PBXBuildFile; fileRef = 76EB422F17C50FEC000DBB81 /* CoreGraphics.framework */; };
		76EB423617C50FEC000DBB81 /* InfoPlist.strings in Resources */ = {isa = PBXBuildFile; fileRef = 76EB423417C50FEC000DBB81 /* InfoPlist.strings */; };
		76EB423817C50FEC000DBB81 /* main.m in Sources */ = {isa = PBXBuildFile; fileRef = 76EB423717C50FEC000DBB81 /* main.m */; };
		76EB423C17C50FEC000DBB81 /* SGAppDelegate.m in Sources */ = {isa = PBXBuildFile; fileRef = 76EB423B17C50FEC000DBB81 /* SGAppDelegate.m */; };
		76EB423E17C50FEC000DBB81 /* Default.png in Resources */ = {isa = PBXBuildFile; fileRef = 76EB423D17C50FEC000DBB81 /* Default.png */; };
		76EB424017C50FEC000DBB81 /* Default@2x.png in Resources */ = {isa = PBXBuildFile; fileRef = 76EB423F17C50FEC000DBB81 /* Default@2x.png */; };
		76EB424217C50FEC000DBB81 /* Default-568h@2x.png in Resources */ = {isa = PBXBuildFile; fileRef = 76EB424117C50FEC000DBB81 /* Default-568h@2x.png */; };
		76EB424517C50FEC000DBB81 /* MainStoryboard.storyboard in Resources */ = {isa = PBXBuildFile; fileRef = 76EB424317C50FEC000DBB81 /* MainStoryboard.storyboard */; };
		76EB424817C50FEC000DBB81 /* SGViewController.m in Sources */ = {isa = PBXBuildFile; fileRef = 76EB424717C50FEC000DBB81 /* SGViewController.m */; };
		76EB425017C50FFF000DBB81 /* SGOperationSingleton.m in Sources */ = {isa = PBXBuildFile; fileRef = 76EB424F17C50FFF000DBB81 /* SGOperationSingleton.m */; };
		76EB425317C5183C000DBB81 /* SGJuneOperation.m in Sources */ = {isa = PBXBuildFile; fileRef = 76EB425217C5183C000DBB81 /* SGJuneOperation.m */; };
/* End PBXBuildFile section */

/* Begin PBXFileReference section */
		76EB422817C50FEC000DBB81 /* Operational.app */ = {isa = PBXFileReference; explicitFileType = wrapper.application; includeInIndex = 0; path = Operational.app; sourceTree = BUILT_PRODUCTS_DIR; };
		76EB422B17C50FEC000DBB81 /* UIKit.framework */ = {isa = PBXFileReference; lastKnownFileType = wrapper.framework; name = UIKit.framework; path = System/Library/Frameworks/UIKit.framework; sourceTree = SDKROOT; };
		76EB422D17C50FEC000DBB81 /* Foundation.framework */ = {isa = PBXFileReference; lastKnownFileType = wrapper.framework; name = Foundation.framework; path = System/Library/Frameworks/Foundation.framework; sourceTree = SDKROOT; };
		76EB422F17C50FEC000DBB81 /* CoreGraphics.framework */ = {isa = PBXFileReference; lastKnownFileType = wrapper.framework; name = CoreGraphics.framework; path = System/Library/Frameworks/CoreGraphics.framework; sourceTree = SDKROOT; };
		76EB423317C50FEC000DBB81 /* Operational-Info.plist */ = {isa = PBXFileReference; lastKnownFileType = text.plist.xml; path = "Operational-Info.plist"; sourceTree = "<group>"; };
		76EB423517C50FEC000DBB81 /* en */ = {isa = PBXFileReference; lastKnownFileType = text.plist.strings; name = en; path = en.lproj/InfoPlist.strings; sourceTree = "<group>"; };
		76EB423717C50FEC000DBB81 /* main.m */ = {isa = PBXFileReference; lastKnownFileType = sourcecode.c.objc; path = main.m; sourceTree = "<group>"; };
		76EB423917C50FEC000DBB81 /* Operational-Prefix.pch */ = {isa = PBXFileReference; lastKnownFileType = sourcecode.c.h; path = "Operational-Prefix.pch"; sourceTree = "<group>"; };
		76EB423A17C50FEC000DBB81 /* SGAppDelegate.h */ = {isa = PBXFileReference; lastKnownFileType = sourcecode.c.h; path = SGAppDelegate.h; sourceTree = "<group>"; };
		76EB423B17C50FEC000DBB81 /* SGAppDelegate.m */ = {isa = PBXFileReference; lastKnownFileType = sourcecode.c.objc; path = SGAppDelegate.m; sourceTree = "<group>"; };
		76EB423D17C50FEC000DBB81 /* Default.png */ = {isa = PBXFileReference; lastKnownFileType = image.png; path = Default.png; sourceTree = "<group>"; };
		76EB423F17C50FEC000DBB81 /* Default@2x.png */ = {isa = PBXFileReference; lastKnownFileType = image.png; path = "Default@2x.png"; sourceTree = "<group>"; };
		76EB424117C50FEC000DBB81 /* Default-568h@2x.png */ = {isa = PBXFileReference; lastKnownFileType = image.png; path = "Default-568h@2x.png"; sourceTree = "<group>"; };
		76EB424417C50FEC000DBB81 /* en */ = {isa = PBXFileReference; lastKnownFileType = file.storyboard; name = en; path = en.lproj/MainStoryboard.storyboard; sourceTree = "<group>"; };
		76EB424617C50FEC000DBB81 /* SGViewController.h */ = {isa = PBXFileReference; lastKnownFileType = sourcecode.c.h; path = SGViewController.h; sourceTree = "<group>"; };
		76EB424717C50FEC000DBB81 /* SGViewController.m */ = {isa = PBXFileReference; lastKnownFileType = sourcecode.c.objc; path = SGViewController.m; sourceTree = "<group>"; };
		76EB424E17C50FFF000DBB81 /* SGOperationSingleton.h */ = {isa = PBXFileReference; fileEncoding = 4; lastKnownFileType = sourcecode.c.h; path = SGOperationSingleton.h; sourceTree = "<group>"; };
		76EB424F17C50FFF000DBB81 /* SGOperationSingleton.m */ = {isa = PBXFileReference; fileEncoding = 4; lastKnownFileType = sourcecode.c.objc; path = SGOperationSingleton.m; sourceTree = "<group>"; };
		76EB425117C5183C000DBB81 /* SGJuneOperation.h */ = {isa = PBXFileReference; fileEncoding = 4; lastKnownFileType = sourcecode.c.h; path = SGJuneOperation.h; sourceTree = "<group>"; };
		76EB425217C5183C000DBB81 /* SGJuneOperation.m */ = {isa = PBXFileReference; fileEncoding = 4; lastKnownFileType = sourcecode.c.objc; path = SGJuneOperation.m; sourceTree = "<group>"; };
/* End PBXFileReference section */

/* Begin PBXFrameworksBuildPhase section */
		76EB422517C50FEC000DBB81 /* Frameworks */ = {
			isa = PBXFrameworksBuildPhase;
			buildActionMask = 2147483647;
			files = (
				76EB422C17C50FEC000DBB81 /* UIKit.framework in Frameworks */,
				76EB422E17C50FEC000DBB81 /* Foundation.framework in Frameworks */,
				76EB423017C50FEC000DBB81 /* CoreGraphics.framework in Frameworks */,
			);
			runOnlyForDeploymentPostprocessing = 0;
		};
/* End PBXFrameworksBuildPhase section */

/* Begin PBXGroup section */
		76EB421F17C50FEC000DBB81 = {
			isa = PBXGroup;
			children = (
				76EB423117C50FEC000DBB81 /* Operational */,
				76EB422A17C50FEC000DBB81 /* Frameworks */,
				76EB422917C50FEC000DBB81 /* Products */,
			);
			sourceTree = "<group>";
		};
		76EB422917C50FEC000DBB81 /* Products */ = {
			isa = PBXGroup;
			children = (
				76EB422817C50FEC000DBB81 /* Operational.app */,
			);
			name = Products;
			sourceTree = "<group>";
		};
		76EB422A17C50FEC000DBB81 /* Frameworks */ = {
			isa = PBXGroup;
			children = (
				76EB422B17C50FEC000DBB81 /* UIKit.framework */,
				76EB422D17C50FEC000DBB81 /* Foundation.framework */,
				76EB422F17C50FEC000DBB81 /* CoreGraphics.framework */,
			);
			name = Frameworks;
			sourceTree = "<group>";
		};
		76EB423117C50FEC000DBB81 /* Operational */ = {
			isa = PBXGroup;
			children = (
				76EB423A17C50FEC000DBB81 /* SGAppDelegate.h */,
				76EB423B17C50FEC000DBB81 /* SGAppDelegate.m */,
				76EB424317C50FEC000DBB81 /* MainStoryboard.storyboard */,
				76EB424617C50FEC000DBB81 /* SGViewController.h */,
				76EB424717C50FEC000DBB81 /* SGViewController.m */,
				76EB424E17C50FFF000DBB81 /* SGOperationSingleton.h */,
				76EB424F17C50FFF000DBB81 /* SGOperationSingleton.m */,
				76EB425117C5183C000DBB81 /* SGJuneOperation.h */,
				76EB425217C5183C000DBB81 /* SGJuneOperation.m */,
				76EB423217C50FEC000DBB81 /* Supporting Files */,
			);
			path = Operational;
			sourceTree = "<group>";
		};
		76EB423217C50FEC000DBB81 /* Supporting Files */ = {
			isa = PBXGroup;
			children = (
				76EB423317C50FEC000DBB81 /* Operational-Info.plist */,
				76EB423417C50FEC000DBB81 /* InfoPlist.strings */,
				76EB423717C50FEC000DBB81 /* main.m */,
				76EB423917C50FEC000DBB81 /* Operational-Prefix.pch */,
				76EB423D17C50FEC000DBB81 /* Default.png */,
				76EB423F17C50FEC000DBB81 /* Default@2x.png */,
				76EB424117C50FEC000DBB81 /* Default-568h@2x.png */,
			);
			name = "Supporting Files";
			sourceTree = "<group>";
		};
/* End PBXGroup section */

/* Begin PBXNativeTarget section */
		76EB422717C50FEC000DBB81 /* Operational */ = {
			isa = PBXNativeTarget;
			buildConfigurationList = 76EB424B17C50FEC000DBB81 /* Build configuration list for PBXNativeTarget "Operational" */;
			buildPhases = (
				76EB422417C50FEC000DBB81 /* Sources */,
				76EB422517C50FEC000DBB81 /* Frameworks */,
				76EB422617C50FEC000DBB81 /* Resources */,
			);
			buildRules = (
			);
			dependencies = (
			);
			name = Operational;
			productName = Operational;
			productReference = 76EB422817C50FEC000DBB81 /* Operational.app */;
			productType = "com.apple.product-type.application";
		};
/* End PBXNativeTarget section */

/* Begin PBXProject section */
		76EB422017C50FEC000DBB81 /* Project object */ = {
			isa = PBXProject;
			attributes = {
				CLASSPREFIX = SG;
				LastUpgradeCheck = 0460;
				ORGANIZATIONNAME = sushiGrass;
			};
			buildConfigurationList = 76EB422317C50FEC000DBB81 /* Build configuration list for PBXProject "Operational" */;
			compatibilityVersion = "Xcode 3.2";
			developmentRegion = English;
			hasScannedForEncodings = 0;
			knownRegions = (
				en,
			);
			mainGroup = 76EB421F17C50FEC000DBB81;
			productRefGroup = 76EB422917C50FEC000DBB81 /* Products */;
			projectDirPath = "";
			projectRoot = "";
			targets = (
				76EB422717C50FEC000DBB81 /* Operational */,
			);
		};
/* End PBXProject section */

/* Begin PBXResourcesBuildPhase section */
		76EB422617C50FEC000DBB81 /* Resources */ = {
			isa = PBXResourcesBuildPhase;
			buildActionMask = 2147483647;
			files = (
				76EB423617C50FEC000DBB81 /* InfoPlist.strings in Resources */,
				76EB423E17C50FEC000DBB81 /* Default.png in Resources */,
				76EB424017C50FEC000DBB81 /* Default@2x.png in Resources */,
				76EB424217C50FEC000DBB81 /* Default-568h@2x.png in Resources */,
				76EB424517C50FEC000DBB81 /* MainStoryboard.storyboard in Resources */,
			);
			runOnlyForDeploymentPostprocessing = 0;
		};
/* End PBXResourcesBuildPhase section */

/* Begin PBXSourcesBuildPhase section */
		76EB422417C50FEC000DBB81 /* Sources */ = {
			isa = PBXSourcesBuildPhase;
			buildActionMask = 2147483647;
			files = (
				76EB423817C50FEC000DBB81 /* main.m in Sources */,
				76EB423C17C50FEC000DBB81 /* SGAppDelegate.m in Sources */,
				76EB424817C50FEC000DBB81 /* SGViewController.m in Sources */,
				76EB425017C50FFF000DBB81 /* SGOperationSingleton.m in Sources */,
				76EB425317C5183C000DBB81 /* SGJuneOperation.m in Sources */,
			);
			runOnlyForDeploymentPostprocessing = 0;
		};
/* End PBXSourcesBuildPhase section */

/* Begin PBXVariantGroup section */
		76EB423417C50FEC000DBB81 /* InfoPlist.strings */ = {
			isa = PBXVariantGroup;
			children = (
				76EB423517C50FEC000DBB81 /* en */,
			);
			name = InfoPlist.strings;
			sourceTree = "<group>";
		};
		76EB424317C50FEC000DBB81 /* MainStoryboard.storyboard */ = {
			isa = PBXVariantGroup;
			children = (
				76EB424417C50FEC000DBB81 /* en */,
			);
			name = MainStoryboard.storyboard;
			sourceTree = "<group>";
		};
/* End PBXVariantGroup section */

/* Begin XCBuildConfiguration section */
		76EB424917C50FEC000DBB81 /* Debug */ = {
			isa = XCBuildConfiguration;
			buildSettings = {
				ALWAYS_SEARCH_USER_PATHS = NO;
				CLANG_CXX_LANGUAGE_STANDARD = "gnu++0x";
				CLANG_CXX_LIBRARY = "libc++";
				CLANG_ENABLE_OBJC_ARC = YES;
				CLANG_WARN_CONSTANT_CONVERSION = YES;
				CLANG_WARN_EMPTY_BODY = YES;
				CLANG_WARN_ENUM_CONVERSION = YES;
				CLANG_WARN_INT_CONVERSION = YES;
				CLANG_WARN__DUPLICATE_METHOD_MATCH = YES;
				"CODE_SIGN_IDENTITY[sdk=iphoneos*]" = "iPhone Developer";
				COPY_PHASE_STRIP = NO;
				GCC_C_LANGUAGE_STANDARD = gnu99;
				GCC_DYNAMIC_NO_PIC = NO;
				GCC_OPTIMIZATION_LEVEL = 0;
				GCC_PREPROCESSOR_DEFINITIONS = (
					"DEBUG=1",
					"$(inherited)",
				);
				GCC_SYMBOLS_PRIVATE_EXTERN = NO;
				GCC_WARN_ABOUT_RETURN_TYPE = YES;
				GCC_WARN_UNINITIALIZED_AUTOS = YES;
				GCC_WARN_UNUSED_VARIABLE = YES;
				IPHONEOS_DEPLOYMENT_TARGET = 6.1;
				ONLY_ACTIVE_ARCH = YES;
				SDKROOT = iphoneos;
			};
			name = Debug;
		};
		76EB424A17C50FEC000DBB81 /* Release */ = {
			isa = XCBuildConfiguration;
			buildSettings = {
				ALWAYS_SEARCH_USER_PATHS = NO;
				CLANG_CXX_LANGUAGE_STANDARD = "gnu++0x";
				CLANG_CXX_LIBRARY = "libc++";
				CLANG_ENABLE_OBJC_ARC = YES;
				CLANG_WARN_CONSTANT_CONVERSION = YES;
				CLANG_WARN_EMPTY_BODY = YES;
				CLANG_WARN_ENUM_CONVERSION = YES;
				CLANG_WARN_INT_CONVERSION = YES;
				CLANG_WARN__DUPLICATE_METHOD_MATCH = YES;
				"CODE_SIGN_IDENTITY[sdk=iphoneos*]" = "iPhone Developer";
				COPY_PHASE_STRIP = YES;
				GCC_C_LANGUAGE_STANDARD = gnu99;
				GCC_WARN_ABOUT_RETURN_TYPE = YES;
				GCC_WARN_UNINITIALIZED_AUTOS = YES;
				GCC_WARN_UNUSED_VARIABLE = YES;
				IPHONEOS_DEPLOYMENT_TARGET = 6.1;
				OTHER_CFLAGS = "-DNS_BLOCK_ASSERTIONS=1";
				SDKROOT = iphoneos;
				VALIDATE_PRODUCT = YES;
			};
			name = Release;
		};
		76EB424C17C50FEC000DBB81 /* Debug */ = {
			isa = XCBuildConfiguration;
			buildSettings = {
				GCC_PRECOMPILE_PREFIX_HEADER = YES;
				GCC_PREFIX_HEADER = "Operational/Operational-Prefix.pch";
				INFOPLIST_FILE = "Operational/Operational-Info.plist";
				PRODUCT_NAME = "$(TARGET_NAME)";
				WRAPPER_EXTENSION = app;
			};
			name = Debug;
		};
		76EB424D17C50FEC000DBB81 /* Release */ = {
			isa = XCBuildConfiguration;
			buildSettings = {
				GCC_PRECOMPILE_PREFIX_HEADER = YES;
				GCC_PREFIX_HEADER = "Operational/Operational-Prefix.pch";
				INFOPLIST_FILE = "Operational/Operational-Info.plist";
				PRODUCT_NAME = "$(TARGET_NAME)";
				WRAPPER_EXTENSION = app;
			};
			name = Release;
		};
/* End XCBuildConfiguration section */

/* Begin XCConfigurationList section */
		76EB422317C50FEC000DBB81 /* Build configuration list for PBXProject "Operational" */ = {
			isa = XCConfigurationList;
			buildConfigurations = (
				76EB424917C50FEC000DBB81 /* Debug */,
				76EB424A17C50FEC000DBB81 /* Release */,
			);
			defaultConfigurationIsVisible = 0;
			defaultConfigurationName = Release;
		};
		76EB424B17C50FEC000DBB81 /* Build configuration list for PBXNativeTarget "Operational" */ = {
			isa = XCConfigurationList;
			buildConfigurations = (
				76EB424C17C50FEC000DBB81 /* Debug */,
				76EB424D17C50FEC000DBB81 /* Release */,
			);
			defaultConfigurationIsVisible = 0;
		};
/* End XCConfigurationList section */
	};
	rootObject = 76EB422017C50FEC000DBB81 /* Project object */;
}
